{
    "version": 3,
    "terraform_version": "0.11.11",
    "serial": 2,
    "lineage": "f4f6f8ff-0503-2729-415f-8fafa6f8ca26",
    "modules": [
        {
            "path": [
                "root"
            ],
            "outputs": {},
            "resources": {
                "aws_instance.web": {
                    "type": "aws_instance",
                    "depends_on": [
                        "data.aws_ami.packer"
                    ],
                    "primary": {
                        "id": "i-0ace5267730c0af7d",
                        "attributes": {
                            "ami": "ami-066d88e835d9bc7b2",
                            "arn": "arn:aws:ec2:us-east-1:797145575220:instance/i-0ace5267730c0af7d",
                            "availability_zone": "us-east-1d",
                            "cpu_core_count": "1",
                            "cpu_threads_per_core": "1",
                            "credit_specification.#": "1",
                            "credit_specification.0.cpu_credits": "standard",
                            "disable_api_termination": "false",
                            "ebs_block_device.#": "0",
                            "ebs_optimized": "false",
                            "ephemeral_block_device.#": "0",
                            "get_password_data": "false",
                            "iam_instance_profile": "",
                            "id": "i-0ace5267730c0af7d",
                            "instance_state": "running",
                            "instance_type": "t1.micro",
                            "ipv6_addresses.#": "0",
                            "key_name": "terraformx3",
                            "monitoring": "false",
                            "network_interface.#": "0",
                            "network_interface_id": "",
                            "password_data": "",
                            "placement_group": "",
                            "primary_network_interface_id": "",
                            "private_dns": "ip-10-181-175-100.ec2.internal",
                            "private_ip": "10.181.175.100",
                            "public_dns": "ec2-3-84-144-113.compute-1.amazonaws.com",
                            "public_ip": "3.84.144.113",
                            "root_block_device.#": "1",
                            "root_block_device.0.delete_on_termination": "true",
                            "root_block_device.0.iops": "100",
                            "root_block_device.0.volume_id": "vol-0478c34a1f95f5cc0",
                            "root_block_device.0.volume_size": "8",
                            "root_block_device.0.volume_type": "gp2",
                            "security_groups.#": "1",
                            "security_groups.3814588639": "default",
                            "source_dest_check": "true",
                            "subnet_id": "",
                            "tags.%": "0",
                            "tenancy": "default",
                            "volume_tags.%": "0",
                            "vpc_security_group_ids.#": "0"
                        },
                        "meta": {
                            "e2bfb730-ecaa-11e6-8f88-34363bc7c4c0": {
                                "create": 600000000000,
                                "delete": 1200000000000,
                                "update": 600000000000
                            },
                            "schema_version": "1"
                        },
                        "tainted": false
                    },
                    "deposed": [],
                    "provider": "provider.aws"
                },
                "aws_key_pair.auth": {
                    "type": "aws_key_pair",
                    "depends_on": [],
                    "primary": {
                        "id": "terraformx3",
                        "attributes": {
                            "fingerprint": "bc:af:f6:a9:88:f6:cd:37:aa:4d:48:1e:9e:27:be:1c",
                            "id": "terraformx3",
                            "key_name": "terraformx3",
                            "public_key": "ssh-rsa AAAAB3NzaC1yc2EAAAADAQABAAABAQDBFDAZj2Y7N0ld5OJ/J6ZUpK8DnhgxoqZ8wdvRUn+sgABbAOt/ulvAkUqiELXF4qNRcdV5IryjPUdvNCfMxW9NO9KuB/D+IjVROIhyy+syksXa10oCuVwfXiNqCm2aNjU8sA7TDNpk53PffPRu+SqqOkk9y9sIOI2Fd+g6QtRl7Ks6dTf1YbgURUwG3+X5SLgHAlk76Ee9DsKHDik2MYtOAyggaKeY0Dmw5rqRr8+4Bd1lGalwtCA/IRWu3s4Oun/QzUdfldn6xHvWBQCkZ7eDRkIz00fxyfqmX/5kgtmrV2DBShgy4UnkeO2R2I11m00xTTS6lNQYFumwFHnBoHbn c3w@pepper.local"
                        },
                        "meta": {
                            "schema_version": "1"
                        },
                        "tainted": false
                    },
                    "deposed": [],
                    "provider": "provider.aws"
                },
                "data.aws_ami.packer": {
                    "type": "aws_ami",
                    "depends_on": [],
                    "primary": {
                        "id": "ami-066d88e835d9bc7b2",
                        "attributes": {
                            "architecture": "x86_64",
                            "block_device_mappings.#": "3",
                            "block_device_mappings.1634610537.device_name": "/dev/sdb",
                            "block_device_mappings.1634610537.ebs.%": "0",
                            "block_device_mappings.1634610537.no_device": "",
                            "block_device_mappings.1634610537.virtual_name": "ephemeral0",
                            "block_device_mappings.2547816212.device_name": "/dev/sda1",
                            "block_device_mappings.2547816212.ebs.%": "6",
                            "block_device_mappings.2547816212.ebs.delete_on_termination": "true",
                            "block_device_mappings.2547816212.ebs.encrypted": "false",
                            "block_device_mappings.2547816212.ebs.iops": "0",
                            "block_device_mappings.2547816212.ebs.snapshot_id": "snap-03c64c75b08d8b6c7",
                            "block_device_mappings.2547816212.ebs.volume_size": "8",
                            "block_device_mappings.2547816212.ebs.volume_type": "gp2",
                            "block_device_mappings.2547816212.no_device": "",
                            "block_device_mappings.2547816212.virtual_name": "",
                            "block_device_mappings.3850042718.device_name": "/dev/sdc",
                            "block_device_mappings.3850042718.ebs.%": "0",
                            "block_device_mappings.3850042718.no_device": "",
                            "block_device_mappings.3850042718.virtual_name": "ephemeral1",
                            "creation_date": "2019-01-27T20:09:04.000Z",
                            "filter.#": "2",
                            "filter.1353251163.name": "state",
                            "filter.1353251163.values.#": "1",
                            "filter.1353251163.values.0": "available",
                            "filter.2133668374.name": "tag:Name",
                            "filter.2133668374.values.#": "1",
                            "filter.2133668374.values.0": "truckingoffice",
                            "hypervisor": "xen",
                            "id": "ami-066d88e835d9bc7b2",
                            "image_id": "ami-066d88e835d9bc7b2",
                            "image_location": "797145575220/packer-truckingoffice-1548618550",
                            "image_type": "machine",
                            "most_recent": "true",
                            "name": "packer-truckingoffice-1548618550",
                            "owner_id": "797145575220",
                            "product_codes.#": "0",
                            "public": "false",
                            "root_device_name": "/dev/sda1",
                            "root_device_type": "ebs",
                            "root_snapshot_id": "snap-03c64c75b08d8b6c7",
                            "sriov_net_support": "simple",
                            "state": "available",
                            "state_reason.%": "2",
                            "state_reason.code": "UNSET",
                            "state_reason.message": "UNSET",
                            "tags.%": "1",
                            "tags.Name": "truckingoffice",
                            "virtualization_type": "hvm"
                        },
                        "meta": {},
                        "tainted": false
                    },
                    "deposed": [],
                    "provider": "provider.aws"
                }
            },
            "depends_on": []
        }
    ]
}
