{
    "version": 3,
    "terraform_version": "0.11.11",
    "serial": 3,
    "lineage": "815e116a-49a1-18bc-968c-3102b952e8ee",
    "modules": [
        {
            "path": [
                "root"
            ],
            "outputs": {},
            "resources": {
                "aws_instance.web": {
                    "type": "aws_instance",
                    "depends_on": [],
                    "primary": {
                        "id": "i-0bc62726a691abdf8",
                        "attributes": {
                            "ami": "ami-012fd5eb46f56731f",
                            "arn": "arn:aws:ec2:us-east-1:797145575220:instance/i-0bc62726a691abdf8",
                            "availability_zone": "us-east-1d",
                            "cpu_core_count": "1",
                            "cpu_threads_per_core": "1",
                            "credit_specification.#": "1",
                            "credit_specification.0.cpu_credits": "standard",
                            "disable_api_termination": "false",
                            "ebs_block_device.#": "0",
                            "ebs_optimized": "false",
                            "ephemeral_block_device.#": "0",
                            "get_password_data": "false",
                            "iam_instance_profile": "",
                            "id": "i-0bc62726a691abdf8",
                            "instance_state": "running",
                            "instance_type": "t1.micro",
                            "ipv6_addresses.#": "0",
                            "key_name": "packer-terraform",
                            "monitoring": "false",
                            "network_interface.#": "0",
                            "network_interface_id": "",
                            "password_data": "",
                            "placement_group": "",
                            "primary_network_interface_id": "",
                            "private_dns": "ip-10-142-213-86.ec2.internal",
                            "private_ip": "10.142.213.86",
                            "public_dns": "ec2-54-242-181-240.compute-1.amazonaws.com",
                            "public_ip": "54.242.181.240",
                            "root_block_device.#": "1",
                            "root_block_device.0.delete_on_termination": "true",
                            "root_block_device.0.iops": "100",
                            "root_block_device.0.volume_id": "vol-0593c77831ecdf45b",
                            "root_block_device.0.volume_size": "8",
                            "root_block_device.0.volume_type": "gp2",
                            "security_groups.#": "1",
                            "security_groups.3814588639": "default",
                            "source_dest_check": "true",
                            "subnet_id": "",
                            "tags.%": "0",
                            "tenancy": "default",
                            "volume_tags.%": "0",
                            "vpc_security_group_ids.#": "0"
                        },
                        "meta": {
                            "e2bfb730-ecaa-11e6-8f88-34363bc7c4c0": {
                                "create": 600000000000,
                                "delete": 1200000000000,
                                "update": 600000000000
                            },
                            "schema_version": "1"
                        },
                        "tainted": false
                    },
                    "deposed": [],
                    "provider": "provider.aws"
                },
                "aws_key_pair.auth": {
                    "type": "aws_key_pair",
                    "depends_on": [],
                    "primary": {
                        "id": "packer-terraform",
                        "attributes": {
                            "fingerprint": "bc:af:f6:a9:88:f6:cd:37:aa:4d:48:1e:9e:27:be:1c",
                            "id": "packer-terraform",
                            "key_name": "packer-terraform",
                            "public_key": "ssh-rsa AAAAB3NzaC1yc2EAAAADAQABAAABAQDBFDAZj2Y7N0ld5OJ/J6ZUpK8DnhgxoqZ8wdvRUn+sgABbAOt/ulvAkUqiELXF4qNRcdV5IryjPUdvNCfMxW9NO9KuB/D+IjVROIhyy+syksXa10oCuVwfXiNqCm2aNjU8sA7TDNpk53PffPRu+SqqOkk9y9sIOI2Fd+g6QtRl7Ks6dTf1YbgURUwG3+X5SLgHAlk76Ee9DsKHDik2MYtOAyggaKeY0Dmw5rqRr8+4Bd1lGalwtCA/IRWu3s4Oun/QzUdfldn6xHvWBQCkZ7eDRkIz00fxyfqmX/5kgtmrV2DBShgy4UnkeO2R2I11m00xTTS6lNQYFumwFHnBoHbn c3w@pepper.local"
                        },
                        "meta": {
                            "schema_version": "1"
                        },
                        "tainted": false
                    },
                    "deposed": [],
                    "provider": "provider.aws"
                }
            },
            "depends_on": []
        }
    ]
}
